
Microsoft Visual Studio Solution File, Format Version 12.00
# Visual Studio Version 16
VisualStudioVersion = 16.0.31624.102
MinimumVisualStudioVersion = 10.0.40219.1
Project("{8BC9CEB8-8B4A-11D0-8D11-00A0C91BC942}") = "lab-6.3.1", "lab-6.3.1.vcxproj", "{7DDDB5E3-1278-481E-803D-FE7CB97D2CEB}"
EndProject
Project("{8BC9CEB8-8B4A-11D0-8D11-00A0C91BC942}") = "UnitTest8", "..\UnitTest8\UnitTest8.vcxproj", "{1690CACC-B01C-4CED-8F98-099642C4B057}"
EndProject
Global
	GlobalSection(SolutionConfigurationPlatforms) = preSolution
		Debug|x64 = Debug|x64
		Debug|x86 = Debug|x86
		Release|x64 = Release|x64
		Release|x86 = Release|x86
	EndGlobalSection
	GlobalSection(ProjectConfigurationPlatforms) = postSolution
		{7DDDB5E3-1278-481E-803D-FE7CB97D2CEB}.Debug|x64.ActiveCfg = Debug|x64
		{7DDDB5E3-1278-481E-803D-FE7CB97D2CEB}.Debug|x64.Build.0 = Debug|x64
		{7DDDB5E3-1278-481E-803D-FE7CB97D2CEB}.Debug|x86.ActiveCfg = Debug|Win32
		{7DDDB5E3-1278-481E-803D-FE7CB97D2CEB}.Debug|x86.Build.0 = Debug|Win32
		{7DDDB5E3-1278-481E-803D-FE7CB97D2CEB}.Release|x64.ActiveCfg = Release|x64
		{7DDDB5E3-1278-481E-803D-FE7CB97D2CEB}.Release|x64.Build.0 = Release|x64
		{7DDDB5E3-1278-481E-803D-FE7CB97D2CEB}.Release|x86.ActiveCfg = Release|Win32
		{7DDDB5E3-1278-481E-803D-FE7CB97D2CEB}.Release|x86.Build.0 = Release|Win32
		{1690CACC-B01C-4CED-8F98-099642C4B057}.Debug|x64.ActiveCfg = Debug|x64
		{1690CACC-B01C-4CED-8F98-099642C4B057}.Debug|x64.Build.0 = Debug|x64
		{1690CACC-B01C-4CED-8F98-099642C4B057}.Debug|x86.ActiveCfg = Debug|Win32
		{1690CACC-B01C-4CED-8F98-099642C4B057}.Debug|x86.Build.0 = Debug|Win32
		{1690CACC-B01C-4CED-8F98-099642C4B057}.Release|x64.ActiveCfg = Release|x64
		{1690CACC-B01C-4CED-8F98-099642C4B057}.Release|x64.Build.0 = Release|x64
		{1690CACC-B01C-4CED-8F98-099642C4B057}.Release|x86.ActiveCfg = Release|Win32
		{1690CACC-B01C-4CED-8F98-099642C4B057}.Release|x86.Build.0 = Release|Win32
	EndGlobalSection
	GlobalSection(SolutionProperties) = preSolution
		HideSolutionNode = FALSE
	EndGlobalSection
	GlobalSection(ExtensibilityGlobals) = postSolution
		SolutionGuid = {AD117D77-D08E-4059-86A8-ACE378185F0F}
	EndGlobalSection
EndGlobal
